lockfileVersion: '9.0'

settings:
  autoInstallPeers: true
  excludeLinksFromLockfile: false

importers:

  .:
    dependencies:
      hono:
        specifier: ^4.7.4
        version: 4.7.4

packages:

  hono@4.7.4:
    resolution: {integrity: sha512-Pst8FuGqz3L7tFF+u9Pu70eI0xa5S3LPUmrNd5Jm8nTHze9FxLTK9Kaj5g/k4UcwuJSXTP65SyHOPLrffpcAJg==}
    engines: {node: '>=16.9.0'}

snapshots:

  hono@4.7.4: {}
